<?xml version="1.0" encoding="utf-8"?>
<Project ToolsVersion="4.0" xmlns="http://schemas.microsoft.com/developer/msbuild/2003">
  <ItemGroup>
    <Filter Include="ソース ファイル">
      <UniqueIdentifier>{4FC737F1-C7A5-4376-A066-2A32D752A2FF}</UniqueIdentifier>
      <Extensions>cpp;c;cc;cxx;c++;cppm;ixx;def;odl;idl;hpj;bat;asm;asmx</Extensions>
    </Filter>
    <Filter Include="ヘッダー ファイル">
      <UniqueIdentifier>{93995380-89BD-4b04-88EB-625FBE52EBFB}</UniqueIdentifier>
      <Extensions>h;hh;hpp;hxx;h++;hm;inl;inc;ipp;xsd</Extensions>
    </Filter>
    <Filter Include="リソース ファイル">
      <UniqueIdentifier>{67DA6AB6-F800-4c08-8B7A-83BB121AAD01}</UniqueIdentifier>
      <Extensions>rc;ico;cur;bmp;dlg;rc2;rct;bin;rgs;gif;jpg;jpeg;jpe;resx;tiff;tif;png;wav;mfcribbon-ms</Extensions>
    </Filter>
    <Filter Include="リソース ファイル\shaders">
      <UniqueIdentifier>{beb40b87-48a9-412f-a4df-69d9c266701c}</UniqueIdentifier>
    </Filter>
    <Filter Include="ソース ファイル\vendor">
      <UniqueIdentifier>{bb943648-08bb-4402-9fcc-bdefeb43330b}</UniqueIdentifier>
    </Filter>
    <Filter Include="ソース ファイル\vendor\stb_image">
      <UniqueIdentifier>{74ba38d9-f9db-4e57-ae80-dcc3f8cbbc25}</UniqueIdentifier>
    </Filter>
    <Filter Include="リソース ファイル\textures">
      <UniqueIdentifier>{7250357a-af7d-4cc7-9ffe-b476648a33e1}</UniqueIdentifier>
    </Filter>
  </ItemGroup>
  <ItemGroup>
    <ClCompile Include="Application.cpp">
      <Filter>ソース ファイル</Filter>
    </ClCompile>
    <ClCompile Include="Renderer.cpp">
      <Filter>ソース ファイル</Filter>
    </ClCompile>
    <ClCompile Include="VertexBuffer.cpp">
      <Filter>ソース ファイル</Filter>
    </ClCompile>
    <ClCompile Include="IndexBuffer.cpp">
      <Filter>ソース ファイル</Filter>
    </ClCompile>
    <ClCompile Include="VertexArray.cpp">
      <Filter>ソース ファイル</Filter>
    </ClCompile>
    <ClCompile Include="Shader.cpp">
      <Filter>ソース ファイル</Filter>
    </ClCompile>
    <ClCompile Include="vendor\stb_image\stb_image.cpp">
      <Filter>ソース ファイル\vendor\stb_image</Filter>
    </ClCompile>
    <ClCompile Include="Texture.cpp">
      <Filter>ソース ファイル</Filter>
    </ClCompile>
  </ItemGroup>
  <ItemGroup>
    <ClInclude Include="Renderer.h">
      <Filter>ソース ファイル</Filter>
    </ClInclude>
    <ClInclude Include="VertexBuffer.h">
      <Filter>ソース ファイル</Filter>
    </ClInclude>
    <ClInclude Include="IndexBuffer.h">
      <Filter>ソース ファイル</Filter>
    </ClInclude>
    <ClInclude Include="VertexArray.h">
      <Filter>ソース ファイル</Filter>
    </ClInclude>
    <ClInclude Include="VertexBufferLayout.h">
      <Filter>ソース ファイル</Filter>
    </ClInclude>
    <ClInclude Include="Shader.h">
      <Filter>ソース ファイル</Filter>
    </ClInclude>
    <ClInclude Include="vendor\stb_image\stb_image.h">
      <Filter>ソース ファイル\vendor\stb_image</Filter>
    </ClInclude>
    <ClInclude Include="Texture.h">
      <Filter>ソース ファイル</Filter>
    </ClInclude>
    <ClInclude Include="Debug.h">
      <Filter>ソース ファイル</Filter>
    </ClInclude>
  </ItemGroup>
  <ItemGroup>
    <Image Include="thinking-face.png">
      <Filter>リソース ファイル</Filter>
    </Image>
    <Image Include="icon.png">
      <Filter>リソース ファイル</Filter>
    </Image>
    <Image Include="gold-dollar.png">
      <Filter>リソース ファイル</Filter>
    </Image>
  </ItemGroup>
  <ItemGroup>
    <None Include="practice1.shader">
      <Filter>リソース ファイル</Filter>
    </None>
  </ItemGroup>
</Project>